
Microsoft Visual Studio Solution File, Format Version 12.00
# Visual Studio Version 17
VisualStudioVersion = 17.7.34024.191
MinimumVisualStudioVersion = 10.0.40219.1
Project("{FAE04EC0-301F-11D3-BF4B-00C04F79EFBC}") = "TANGTANBAOFULL", "TANGTANBAOFULL.csproj", "{8D8EFA63-2943-4F71-9098-5DEF0CAD8483}"
EndProject
Global
	GlobalSection(SolutionConfigurationPlatforms) = preSolution
		Debug|Any CPU = Debug|Any CPU
		Release|Any CPU = Release|Any CPU
	EndGlobalSection
	GlobalSection(ProjectConfigurationPlatforms) = postSolution
		{8D8EFA63-2943-4F71-9098-5DEF0CAD8483}.Debug|Any CPU.ActiveCfg = Debug|Any CPU
		{8D8EFA63-2943-4F71-9098-5DEF0CAD8483}.Debug|Any CPU.Build.0 = Debug|Any CPU
		{8D8EFA63-2943-4F71-9098-5DEF0CAD8483}.Release|Any CPU.ActiveCfg = Release|Any CPU
		{8D8EFA63-2943-4F71-9098-5DEF0CAD8483}.Release|Any CPU.Build.0 = Release|Any CPU
	EndGlobalSection
	GlobalSection(SolutionProperties) = preSolution
		HideSolutionNode = FALSE
	EndGlobalSection
	GlobalSection(ExtensibilityGlobals) = postSolution
		SolutionGuid = {C6BB0EDB-92BF-42DA-917D-0BCD7AD4D806}
	EndGlobalSection
EndGlobal
